Microsoft Visual Studio Solution File, Format Version 12.00
# Visual Studio Version 17
VisualStudioVersion = 17.5.2.0
MinimumVisualStudioVersion = 10.0.40219.1
Project("{FAE04EC0-301F-11D3-BF4B-00C04F79EFBC}") = "InventarioCriaturas", "InventarioCriaturas\InventarioCriaturas.csproj", "{54FA0238-FAC0-720E-B9D0-8BC182CCDB09}"
EndProject
Project("{FAE04EC0-301F-11D3-BF4B-00C04F79EFBC}") = "CofreSonoroApp", "CofreSonoroApp\CofreSonoroApp.csproj", "{4753E632-B934-E023-3AA7-C1C7711C09CA}"
EndProject
Global
	GlobalSection(SolutionConfigurationPlatforms) = preSolution
		Debug|Any CPU = Debug|Any CPU
		Release|Any CPU = Release|Any CPU
	EndGlobalSection
	GlobalSection(ProjectConfigurationPlatforms) = postSolution
		{54FA0238-FAC0-720E-B9D0-8BC182CCDB09}.Debug|Any CPU.ActiveCfg = Debug|Any CPU
		{54FA0238-FAC0-720E-B9D0-8BC182CCDB09}.Debug|Any CPU.Build.0 = Debug|Any CPU
		{54FA0238-FAC0-720E-B9D0-8BC182CCDB09}.Release|Any CPU.ActiveCfg = Release|Any CPU
		{54FA0238-FAC0-720E-B9D0-8BC182CCDB09}.Release|Any CPU.Build.0 = Release|Any CPU
		{4753E632-B934-E023-3AA7-C1C7711C09CA}.Debug|Any CPU.ActiveCfg = Debug|Any CPU
		{4753E632-B934-E023-3AA7-C1C7711C09CA}.Debug|Any CPU.Build.0 = Debug|Any CPU
		{4753E632-B934-E023-3AA7-C1C7711C09CA}.Release|Any CPU.ActiveCfg = Release|Any CPU
		{4753E632-B934-E023-3AA7-C1C7711C09CA}.Release|Any CPU.Build.0 = Release|Any CPU
	EndGlobalSection
	GlobalSection(SolutionProperties) = preSolution
		HideSolutionNode = FALSE
	EndGlobalSection
	GlobalSection(ExtensibilityGlobals) = postSolution
		SolutionGuid = {5FCB8D7A-BF13-439B-A303-E75A3B8D8CB1}
	EndGlobalSection
EndGlobal
